{
  "name": "react-native-awesome-library",
  "version": "1.0.0",
  "lockfileVersion": 3,
  "requires": true,
  "packages": {
    "": {
      "name": "react-native-awesome-library",
      "version": "1.0.0",
      "license": "UNLICENSED",
      "dependencies": {
        "react-native-ble-manager": "^10.1.5"
      }
    },
    "node_modules/react-native-ble-manager": {
      "version": "10.1.5",
      "resolved": "https://registry.npmjs.org/react-native-ble-manager/-/react-native-ble-manager-10.1.5.tgz",
      "integrity": "sha512-74qyH9IV81oY2J1ECul09M3Png7jTHPq74YG6VSa2I2Q/ZvU27NTNUu1DHYsk7Wwpexs+HJ1kAQWgJBaAM9IcQ==",
      "peerDependencies": {
        "react-native": ">=0.60.0"
      }
    }
  }
}
